{
    "requires": true,
    "lockfileVersion": 1,
    "dependencies": {
        "jquery.qrcode": {
            "version": "1.0.3",
            "resolved": "https://registry.npmjs.org/jquery.qrcode/-/jquery.qrcode-1.0.3.tgz",
            "integrity": "sha1-mK003rf0AdcpgcZ2l5DL04qqOfA="
        }
    }
}
